
Microsoft Visual Studio Solution File, Format Version 12.00
Project("{FAE04EC0-301F-11D3-BF4B-00C04F79EFBC}") = "SimpleAuthNet", "SimpleAuthNet\SimpleAuthNet.csproj", "{2004796C-47FF-4EED-A361-1797764030A3}"
EndProject
Global
	GlobalSection(SolutionConfigurationPlatforms) = preSolution
		Debug|Any CPU = Debug|Any CPU
		Release|Any CPU = Release|Any CPU
	EndGlobalSection
	GlobalSection(ProjectConfigurationPlatforms) = postSolution
		{2004796C-47FF-4EED-A361-1797764030A3}.Debug|Any CPU.ActiveCfg = Debug|Any CPU
		{2004796C-47FF-4EED-A361-1797764030A3}.Debug|Any CPU.Build.0 = Debug|Any CPU
		{2004796C-47FF-4EED-A361-1797764030A3}.Release|Any CPU.ActiveCfg = Release|Any CPU
		{2004796C-47FF-4EED-A361-1797764030A3}.Release|Any CPU.Build.0 = Release|Any CPU
	EndGlobalSection
EndGlobal
